{
  "name": "@tinydarkforge/secgate",
  "version": "0.2.4",
  "lockfileVersion": 3,
  "requires": true,
  "packages": {
    "": {
      "name": "@tinydarkforge/secgate",
      "version": "0.2.4",
      "license": "MIT",
      "bin": {
        "secgate": "secgate.js"
      },
      "engines": {
        "node": ">=18"
      }
    }
  }
}
